// !$*UTF8*$!
{
	archiveVersion = 1;
	classes = {
	};
	objectVersion = 55;
	objects = {

/* Begin PBXBuildFile section */
		75213BB2281F9073004C455E /* AppDelegate.swift in Sources */ = {isa = PBXBuildFile; fileRef = 75213BB1281F9073004C455E /* AppDelegate.swift */; };
		75213BB4281F9073004C455E /* SceneDelegate.swift in Sources */ = {isa = PBXBuildFile; fileRef = 75213BB3281F9073004C455E /* SceneDelegate.swift */; };
		75213BB9281F9073004C455E /* Main.storyboard in Resources */ = {isa = PBXBuildFile; fileRef = 75213BB7281F9073004C455E /* Main.storyboard */; };
		75213BBB281F9073004C455E /* Assets.xcassets in Resources */ = {isa = PBXBuildFile; fileRef = 75213BBA281F9073004C455E /* Assets.xcassets */; };
		75213BBE281F9073004C455E /* LaunchScreen.storyboard in Resources */ = {isa = PBXBuildFile; fileRef = 75213BBC281F9073004C455E /* LaunchScreen.storyboard */; };
		75213BC6281F992A004C455E /* HomeViewController.swift in Sources */ = {isa = PBXBuildFile; fileRef = 75213BC5281F992A004C455E /* HomeViewController.swift */; };
		75213BC8281F994E004C455E /* PicksViewController.swift in Sources */ = {isa = PBXBuildFile; fileRef = 75213BC7281F994E004C455E /* PicksViewController.swift */; };
		75213BCA281F9958004C455E /* ProfileViewController.swift in Sources */ = {isa = PBXBuildFile; fileRef = 75213BC9281F9958004C455E /* ProfileViewController.swift */; };
		752BD3222849A30C00C0BD81 /* Restaurant.swift in Sources */ = {isa = PBXBuildFile; fileRef = 752BD3212849A30C00C0BD81 /* Restaurant.swift */; };
		752CA3EC2852C33F0066262E /* HowItWorksViewController.swift in Sources */ = {isa = PBXBuildFile; fileRef = 752CA3EB2852C33F0066262E /* HowItWorksViewController.swift */; };
		75982A09282D58B400FF0B03 /* SettingsViewController.swift in Sources */ = {isa = PBXBuildFile; fileRef = 75982A08282D58B400FF0B03 /* SettingsViewController.swift */; };
		75982A0B282DECCA00FF0B03 /* VolumeData.swift in Sources */ = {isa = PBXBuildFile; fileRef = 75982A0A282DECCA00FF0B03 /* VolumeData.swift */; };
		75982A0D2834748700FF0B03 /* DirectionViewController.swift in Sources */ = {isa = PBXBuildFile; fileRef = 75982A0C2834748700FF0B03 /* DirectionViewController.swift */; };
		75982A142834915600FF0B03 /* CoreLocation.framework in Frameworks */ = {isa = PBXBuildFile; fileRef = 75982A132834915600FF0B03 /* CoreLocation.framework */; };
		75982A1C2834E35E00FF0B03 /* loginViewController.swift in Sources */ = {isa = PBXBuildFile; fileRef = 75982A1B2834E35E00FF0B03 /* loginViewController.swift */; };
		75C243E8283DF82800A8914A /* FirebaseAuth in Frameworks */ = {isa = PBXBuildFile; productRef = 75C243E7283DF82800A8914A /* FirebaseAuth */; };
		75C243EA283DF82800A8914A /* FirebaseFirestore in Frameworks */ = {isa = PBXBuildFile; productRef = 75C243E9283DF82800A8914A /* FirebaseFirestore */; };
		75C243EC283DF82800A8914A /* FirebaseFirestoreSwift-Beta in Frameworks */ = {isa = PBXBuildFile; productRef = 75C243EB283DF82800A8914A /* FirebaseFirestoreSwift-Beta */; };
		75C243EE283DFA0800A8914A /* GoogleService-Info.plist in Resources */ = {isa = PBXBuildFile; fileRef = 75C243ED283DFA0800A8914A /* GoogleService-Info.plist */; };
		75C2BE6628221D2D000B02DE /* ApplyFiltersViewController.swift in Sources */ = {isa = PBXBuildFile; fileRef = 75C2BE6528221D2D000B02DE /* ApplyFiltersViewController.swift */; };
		75C2BE6828224532000B02DE /* ReccomendationsViewController.swift in Sources */ = {isa = PBXBuildFile; fileRef = 75C2BE6728224532000B02DE /* ReccomendationsViewController.swift */; };
		75C2BE712822749B000B02DE /* RestaurantInfoViewController.swift in Sources */ = {isa = PBXBuildFile; fileRef = 75C2BE702822749B000B02DE /* RestaurantInfoViewController.swift */; };
/* End PBXBuildFile section */

/* Begin PBXFileReference section */
		75213BAE281F9073004C455E /* FinalProject.app */ = {isa = PBXFileReference; explicitFileType = wrapper.application; includeInIndex = 0; path = FinalProject.app; sourceTree = BUILT_PRODUCTS_DIR; };
		75213BB1281F9073004C455E /* AppDelegate.swift */ = {isa = PBXFileReference; lastKnownFileType = sourcecode.swift; path = AppDelegate.swift; sourceTree = "<group>"; };
		75213BB3281F9073004C455E /* SceneDelegate.swift */ = {isa = PBXFileReference; lastKnownFileType = sourcecode.swift; path = SceneDelegate.swift; sourceTree = "<group>"; };
		75213BB8281F9073004C455E /* Base */ = {isa = PBXFileReference; lastKnownFileType = file.storyboard; name = Base; path = Base.lproj/Main.storyboard; sourceTree = "<group>"; };
		75213BBA281F9073004C455E /* Assets.xcassets */ = {isa = PBXFileReference; lastKnownFileType = folder.assetcatalog; path = Assets.xcassets; sourceTree = "<group>"; };
		75213BBD281F9073004C455E /* Base */ = {isa = PBXFileReference; lastKnownFileType = file.storyboard; name = Base; path = Base.lproj/LaunchScreen.storyboard; sourceTree = "<group>"; };
		75213BBF281F9073004C455E /* Info.plist */ = {isa = PBXFileReference; lastKnownFileType = text.plist.xml; path = Info.plist; sourceTree = "<group>"; };
		75213BC5281F992A004C455E /* HomeViewController.swift */ = {isa = PBXFileReference; lastKnownFileType = sourcecode.swift; path = HomeViewController.swift; sourceTree = "<group>"; };
		75213BC7281F994E004C455E /* PicksViewController.swift */ = {isa = PBXFileReference; lastKnownFileType = sourcecode.swift; path = PicksViewController.swift; sourceTree = "<group>"; };
		75213BC9281F9958004C455E /* ProfileViewController.swift */ = {isa = PBXFileReference; lastKnownFileType = sourcecode.swift; path = ProfileViewController.swift; sourceTree = "<group>"; };
		752BD3212849A30C00C0BD81 /* Restaurant.swift */ = {isa = PBXFileReference; lastKnownFileType = sourcecode.swift; path = Restaurant.swift; sourceTree = "<group>"; };
		752CA3EB2852C33F0066262E /* HowItWorksViewController.swift */ = {isa = PBXFileReference; lastKnownFileType = sourcecode.swift; path = HowItWorksViewController.swift; sourceTree = "<group>"; };
		75982A08282D58B400FF0B03 /* SettingsViewController.swift */ = {isa = PBXFileReference; lastKnownFileType = sourcecode.swift; path = SettingsViewController.swift; sourceTree = "<group>"; };
		75982A0A282DECCA00FF0B03 /* VolumeData.swift */ = {isa = PBXFileReference; lastKnownFileType = sourcecode.swift; path = VolumeData.swift; sourceTree = "<group>"; };
		75982A0C2834748700FF0B03 /* DirectionViewController.swift */ = {isa = PBXFileReference; lastKnownFileType = sourcecode.swift; path = DirectionViewController.swift; sourceTree = "<group>"; };
		75982A132834915600FF0B03 /* CoreLocation.framework */ = {isa = PBXFileReference; lastKnownFileType = wrapper.framework; name = CoreLocation.framework; path = System/Library/Frameworks/CoreLocation.framework; sourceTree = SDKROOT; };
		75982A1B2834E35E00FF0B03 /* loginViewController.swift */ = {isa = PBXFileReference; lastKnownFileType = sourcecode.swift; path = loginViewController.swift; sourceTree = "<group>"; };
		75C243ED283DFA0800A8914A /* GoogleService-Info.plist */ = {isa = PBXFileReference; fileEncoding = 4; lastKnownFileType = text.plist.xml; path = "GoogleService-Info.plist"; sourceTree = "<group>"; };
		75C2BE6528221D2D000B02DE /* ApplyFiltersViewController.swift */ = {isa = PBXFileReference; lastKnownFileType = sourcecode.swift; path = ApplyFiltersViewController.swift; sourceTree = "<group>"; };
		75C2BE6728224532000B02DE /* ReccomendationsViewController.swift */ = {isa = PBXFileReference; lastKnownFileType = sourcecode.swift; path = ReccomendationsViewController.swift; sourceTree = "<group>"; };
		75C2BE702822749B000B02DE /* RestaurantInfoViewController.swift */ = {isa = PBXFileReference; lastKnownFileType = sourcecode.swift; path = RestaurantInfoViewController.swift; sourceTree = "<group>"; };
/* End PBXFileReference section */

/* Begin PBXFrameworksBuildPhase section */
		75213BAB281F9073004C455E /* Frameworks */ = {
			isa = PBXFrameworksBuildPhase;
			buildActionMask = 2147483647;
			files = (
				75982A142834915600FF0B03 /* CoreLocation.framework in Frameworks */,
				75C243EC283DF82800A8914A /* FirebaseFirestoreSwift-Beta in Frameworks */,
				75C243E8283DF82800A8914A /* FirebaseAuth in Frameworks */,
				75C243EA283DF82800A8914A /* FirebaseFirestore in Frameworks */,
			);
			runOnlyForDeploymentPostprocessing = 0;
		};
/* End PBXFrameworksBuildPhase section */

/* Begin PBXGroup section */
		75213BA5281F9073004C455E = {
			isa = PBXGroup;
			children = (
				75213BB0281F9073004C455E /* FinalProject */,
				75213BAF281F9073004C455E /* Products */,
				75982A122834915600FF0B03 /* Frameworks */,
			);
			sourceTree = "<group>";
		};
		75213BAF281F9073004C455E /* Products */ = {
			isa = PBXGroup;
			children = (
				75213BAE281F9073004C455E /* FinalProject.app */,
			);
			name = Products;
			sourceTree = "<group>";
		};
		75213BB0281F9073004C455E /* FinalProject */ = {
			isa = PBXGroup;
			children = (
				75982A182834E33400FF0B03 /* startup section  */,
				75C2BE6B28224572000B02DE /* Profile section */,
				75C2BE6A28224564000B02DE /* Picks section */,
				75C2BE6928224545000B02DE /* Home section */,
				75213BB1281F9073004C455E /* AppDelegate.swift */,
				75982A0A282DECCA00FF0B03 /* VolumeData.swift */,
				752BD3212849A30C00C0BD81 /* Restaurant.swift */,
				75213BB7281F9073004C455E /* Main.storyboard */,
				75213BB3281F9073004C455E /* SceneDelegate.swift */,
				75213BBA281F9073004C455E /* Assets.xcassets */,
				75213BBC281F9073004C455E /* LaunchScreen.storyboard */,
				75C243ED283DFA0800A8914A /* GoogleService-Info.plist */,
				75213BBF281F9073004C455E /* Info.plist */,
			);
			path = FinalProject;
			sourceTree = "<group>";
		};
		75982A122834915600FF0B03 /* Frameworks */ = {
			isa = PBXGroup;
			children = (
				75982A132834915600FF0B03 /* CoreLocation.framework */,
			);
			name = Frameworks;
			sourceTree = "<group>";
		};
		75982A182834E33400FF0B03 /* startup section  */ = {
			isa = PBXGroup;
			children = (
				75982A1B2834E35E00FF0B03 /* loginViewController.swift */,
			);
			path = "startup section ";
			sourceTree = "<group>";
		};
		75C2BE6928224545000B02DE /* Home section */ = {
			isa = PBXGroup;
			children = (
				75213BC5281F992A004C455E /* HomeViewController.swift */,
				75C2BE6728224532000B02DE /* ReccomendationsViewController.swift */,
				75C2BE6528221D2D000B02DE /* ApplyFiltersViewController.swift */,
				75982A0C2834748700FF0B03 /* DirectionViewController.swift */,
				75C2BE702822749B000B02DE /* RestaurantInfoViewController.swift */,
			);
			path = "Home section";
			sourceTree = "<group>";
		};
		75C2BE6A28224564000B02DE /* Picks section */ = {
			isa = PBXGroup;
			children = (
				75213BC7281F994E004C455E /* PicksViewController.swift */,
			);
			path = "Picks section";
			sourceTree = "<group>";
		};
		75C2BE6B28224572000B02DE /* Profile section */ = {
			isa = PBXGroup;
			children = (
				75213BC9281F9958004C455E /* ProfileViewController.swift */,
				75982A08282D58B400FF0B03 /* SettingsViewController.swift */,
				752CA3EB2852C33F0066262E /* HowItWorksViewController.swift */,
			);
			path = "Profile section";
			sourceTree = "<group>";
		};
/* End PBXGroup section */

/* Begin PBXNativeTarget section */
		75213BAD281F9073004C455E /* FinalProject */ = {
			isa = PBXNativeTarget;
			buildConfigurationList = 75213BC2281F9073004C455E /* Build configuration list for PBXNativeTarget "FinalProject" */;
			buildPhases = (
				75213BAA281F9073004C455E /* Sources */,
				75213BAB281F9073004C455E /* Frameworks */,
				75213BAC281F9073004C455E /* Resources */,
			);
			buildRules = (
			);
			dependencies = (
			);
			name = FinalProject;
			packageProductDependencies = (
				75C243E7283DF82800A8914A /* FirebaseAuth */,
				75C243E9283DF82800A8914A /* FirebaseFirestore */,
				75C243EB283DF82800A8914A /* FirebaseFirestoreSwift-Beta */,
			);
			productName = FinalProject;
			productReference = 75213BAE281F9073004C455E /* FinalProject.app */;
			productType = "com.apple.product-type.application";
		};
/* End PBXNativeTarget section */

/* Begin PBXProject section */
		75213BA6281F9073004C455E /* Project object */ = {
			isa = PBXProject;
			attributes = {
				BuildIndependentTargetsInParallel = 1;
				LastSwiftUpdateCheck = 1320;
				LastUpgradeCheck = 1320;
				TargetAttributes = {
					75213BAD281F9073004C455E = {
						CreatedOnToolsVersion = 13.2.1;
					};
				};
			};
			buildConfigurationList = 75213BA9281F9073004C455E /* Build configuration list for PBXProject "FinalProject" */;
			compatibilityVersion = "Xcode 13.0";
			developmentRegion = en;
			hasScannedForEncodings = 0;
			knownRegions = (
				en,
				Base,
			);
			mainGroup = 75213BA5281F9073004C455E;
			packageReferences = (
				75C243E6283DF82800A8914A /* XCRemoteSwiftPackageReference "firebase-ios-sdk" */,
			);
			productRefGroup = 75213BAF281F9073004C455E /* Products */;
			projectDirPath = "";
			projectRoot = "";
			targets = (
				75213BAD281F9073004C455E /* FinalProject */,
			);
		};
/* End PBXProject section */

/* Begin PBXResourcesBuildPhase section */
		75213BAC281F9073004C455E /* Resources */ = {
			isa = PBXResourcesBuildPhase;
			buildActionMask = 2147483647;
			files = (
				75213BBE281F9073004C455E /* LaunchScreen.storyboard in Resources */,
				75C243EE283DFA0800A8914A /* GoogleService-Info.plist in Resources */,
				75213BBB281F9073004C455E /* Assets.xcassets in Resources */,
				75213BB9281F9073004C455E /* Main.storyboard in Resources */,
			);
			runOnlyForDeploymentPostprocessing = 0;
		};
/* End PBXResourcesBuildPhase section */

/* Begin PBXSourcesBuildPhase section */
		75213BAA281F9073004C455E /* Sources */ = {
			isa = PBXSourcesBuildPhase;
			buildActionMask = 2147483647;
			files = (
				75213BCA281F9958004C455E /* ProfileViewController.swift in Sources */,
				75982A1C2834E35E00FF0B03 /* loginViewController.swift in Sources */,
				75C2BE712822749B000B02DE /* RestaurantInfoViewController.swift in Sources */,
				75C2BE6628221D2D000B02DE /* ApplyFiltersViewController.swift in Sources */,
				75C2BE6828224532000B02DE /* ReccomendationsViewController.swift in Sources */,
				75213BB2281F9073004C455E /* AppDelegate.swift in Sources */,
				752BD3222849A30C00C0BD81 /* Restaurant.swift in Sources */,
				75982A0D2834748700FF0B03 /* DirectionViewController.swift in Sources */,
				752CA3EC2852C33F0066262E /* HowItWorksViewController.swift in Sources */,
				75982A0B282DECCA00FF0B03 /* VolumeData.swift in Sources */,
				75213BB4281F9073004C455E /* SceneDelegate.swift in Sources */,
				75213BC8281F994E004C455E /* PicksViewController.swift in Sources */,
				75213BC6281F992A004C455E /* HomeViewController.swift in Sources */,
				75982A09282D58B400FF0B03 /* SettingsViewController.swift in Sources */,
			);
			runOnlyForDeploymentPostprocessing = 0;
		};
/* End PBXSourcesBuildPhase section */

/* Begin PBXVariantGroup section */
		75213BB7281F9073004C455E /* Main.storyboard */ = {
			isa = PBXVariantGroup;
			children = (
				75213BB8281F9073004C455E /* Base */,
			);
			name = Main.storyboard;
			sourceTree = "<group>";
		};
		75213BBC281F9073004C455E /* LaunchScreen.storyboard */ = {
			isa = PBXVariantGroup;
			children = (
				75213BBD281F9073004C455E /* Base */,
			);
			name = LaunchScreen.storyboard;
			sourceTree = "<group>";
		};
/* End PBXVariantGroup section */

/* Begin XCBuildConfiguration section */
		75213BC0281F9073004C455E /* Debug */ = {
			isa = XCBuildConfiguration;
			buildSettings = {
				ALWAYS_SEARCH_USER_PATHS = NO;
				CLANG_ANALYZER_NONNULL = YES;
				CLANG_ANALYZER_NUMBER_OBJECT_CONVERSION = YES_AGGRESSIVE;
				CLANG_CXX_LANGUAGE_STANDARD = "gnu++17";
				CLANG_CXX_LIBRARY = "libc++";
				CLANG_ENABLE_MODULES = YES;
				CLANG_ENABLE_OBJC_ARC = YES;
				CLANG_ENABLE_OBJC_WEAK = YES;
				CLANG_WARN_BLOCK_CAPTURE_AUTORELEASING = YES;
				CLANG_WARN_BOOL_CONVERSION = YES;
				CLANG_WARN_COMMA = YES;
				CLANG_WARN_CONSTANT_CONVERSION = YES;
				CLANG_WARN_DEPRECATED_OBJC_IMPLEMENTATIONS = YES;
				CLANG_WARN_DIRECT_OBJC_ISA_USAGE = YES_ERROR;
				CLANG_WARN_DOCUMENTATION_COMMENTS = YES;
				CLANG_WARN_EMPTY_BODY = YES;
				CLANG_WARN_ENUM_CONVERSION = YES;
				CLANG_WARN_INFINITE_RECURSION = YES;
				CLANG_WARN_INT_CONVERSION = YES;
				CLANG_WARN_NON_LITERAL_NULL_CONVERSION = YES;
				CLANG_WARN_OBJC_IMPLICIT_RETAIN_SELF = YES;
				CLANG_WARN_OBJC_LITERAL_CONVERSION = YES;
				CLANG_WARN_OBJC_ROOT_CLASS = YES_ERROR;
				CLANG_WARN_QUOTED_INCLUDE_IN_FRAMEWORK_HEADER = YES;
				CLANG_WARN_RANGE_LOOP_ANALYSIS = YES;
				CLANG_WARN_STRICT_PROTOTYPES = YES;
				CLANG_WARN_SUSPICIOUS_MOVE = YES;
				CLANG_WARN_UNGUARDED_AVAILABILITY = YES_AGGRESSIVE;
				CLANG_WARN_UNREACHABLE_CODE = YES;
				CLANG_WARN__DUPLICATE_METHOD_MATCH = YES;
				COPY_PHASE_STRIP = NO;
				DEBUG_INFORMATION_FORMAT = dwarf;
				ENABLE_STRICT_OBJC_MSGSEND = YES;
				ENABLE_TESTABILITY = YES;
				GCC_C_LANGUAGE_STANDARD = gnu11;
				GCC_DYNAMIC_NO_PIC = NO;
				GCC_NO_COMMON_BLOCKS = YES;
				GCC_OPTIMIZATION_LEVEL = 0;
				GCC_PREPROCESSOR_DEFINITIONS = (
					"DEBUG=1",
					"$(inherited)",
				);
				GCC_WARN_64_TO_32_BIT_CONVERSION = YES;
				GCC_WARN_ABOUT_RETURN_TYPE = YES_ERROR;
				GCC_WARN_UNDECLARED_SELECTOR = YES;
				GCC_WARN_UNINITIALIZED_AUTOS = YES_AGGRESSIVE;
				GCC_WARN_UNUSED_FUNCTION = YES;
				GCC_WARN_UNUSED_VARIABLE = YES;
				IPHONEOS_DEPLOYMENT_TARGET = 15.2;
				MTL_ENABLE_DEBUG_INFO = INCLUDE_SOURCE;
				MTL_FAST_MATH = YES;
				ONLY_ACTIVE_ARCH = YES;
				SDKROOT = iphoneos;
				SWIFT_ACTIVE_COMPILATION_CONDITIONS = DEBUG;
				SWIFT_OPTIMIZATION_LEVEL = "-Onone";
			};
			name = Debug;
		};
		75213BC1281F9073004C455E /* Release */ = {
			isa = XCBuildConfiguration;
			buildSettings = {
				ALWAYS_SEARCH_USER_PATHS = NO;
				CLANG_ANALYZER_NONNULL = YES;
				CLANG_ANALYZER_NUMBER_OBJECT_CONVERSION = YES_AGGRESSIVE;
				CLANG_CXX_LANGUAGE_STANDARD = "gnu++17";
				CLANG_CXX_LIBRARY = "libc++";
				CLANG_ENABLE_MODULES = YES;
				CLANG_ENABLE_OBJC_ARC = YES;
				CLANG_ENABLE_OBJC_WEAK = YES;
				CLANG_WARN_BLOCK_CAPTURE_AUTORELEASING = YES;
				CLANG_WARN_BOOL_CONVERSION = YES;
				CLANG_WARN_COMMA = YES;
				CLANG_WARN_CONSTANT_CONVERSION = YES;
				CLANG_WARN_DEPRECATED_OBJC_IMPLEMENTATIONS = YES;
				CLANG_WARN_DIRECT_OBJC_ISA_USAGE = YES_ERROR;
				CLANG_WARN_DOCUMENTATION_COMMENTS = YES;
				CLANG_WARN_EMPTY_BODY = YES;
				CLANG_WARN_ENUM_CONVERSION = YES;
				CLANG_WARN_INFINITE_RECURSION = YES;
				CLANG_WARN_INT_CONVERSION = YES;
				CLANG_WARN_NON_LITERAL_NULL_CONVERSION = YES;
				CLANG_WARN_OBJC_IMPLICIT_RETAIN_SELF = YES;
				CLANG_WARN_OBJC_LITERAL_CONVERSION = YES;
				CLANG_WARN_OBJC_ROOT_CLASS = YES_ERROR;
				CLANG_WARN_QUOTED_INCLUDE_IN_FRAMEWORK_HEADER = YES;
				CLANG_WARN_RANGE_LOOP_ANALYSIS = YES;
				CLANG_WARN_STRICT_PROTOTYPES = YES;
				CLANG_WARN_SUSPICIOUS_MOVE = YES;
				CLANG_WARN_UNGUARDED_AVAILABILITY = YES_AGGRESSIVE;
				CLANG_WARN_UNREACHABLE_CODE = YES;
				CLANG_WARN__DUPLICATE_METHOD_MATCH = YES;
				COPY_PHASE_STRIP = NO;
				DEBUG_INFORMATION_FORMAT = "dwarf-with-dsym";
				ENABLE_NS_ASSERTIONS = NO;
				ENABLE_STRICT_OBJC_MSGSEND = YES;
				GCC_C_LANGUAGE_STANDARD = gnu11;
				GCC_NO_COMMON_BLOCKS = YES;
				GCC_WARN_64_TO_32_BIT_CONVERSION = YES;
				GCC_WARN_ABOUT_RETURN_TYPE = YES_ERROR;
				GCC_WARN_UNDECLARED_SELECTOR = YES;
				GCC_WARN_UNINITIALIZED_AUTOS = YES_AGGRESSIVE;
				GCC_WARN_UNUSED_FUNCTION = YES;
				GCC_WARN_UNUSED_VARIABLE = YES;
				IPHONEOS_DEPLOYMENT_TARGET = 15.2;
				MTL_ENABLE_DEBUG_INFO = NO;
				MTL_FAST_MATH = YES;
				SDKROOT = iphoneos;
				SWIFT_COMPILATION_MODE = wholemodule;
				SWIFT_OPTIMIZATION_LEVEL = "-O";
				VALIDATE_PRODUCT = YES;
			};
			name = Release;
		};
		75213BC3281F9073004C455E /* Debug */ = {
			isa = XCBuildConfiguration;
			buildSettings = {
				ASSETCATALOG_COMPILER_APPICON_NAME = AppIcon;
				ASSETCATALOG_COMPILER_GLOBAL_ACCENT_COLOR_NAME = AccentColor;
				CODE_SIGN_STYLE = Automatic;
				CURRENT_PROJECT_VERSION = 1;
				GENERATE_INFOPLIST_FILE = YES;
				INFOPLIST_FILE = FinalProject/Info.plist;
				INFOPLIST_KEY_CFBundleDisplayName = WePick;
				INFOPLIST_KEY_NSLocationAlwaysAndWhenInUseUsageDescription = "This application uses this information to display locations on map";
				INFOPLIST_KEY_NSLocationWhenInUseUsageDescription = "This application uses this information to display locations on map";
				INFOPLIST_KEY_UIApplicationSupportsIndirectInputEvents = YES;
				INFOPLIST_KEY_UILaunchStoryboardName = LaunchScreen;
				INFOPLIST_KEY_UIMainStoryboardFile = Main;
				INFOPLIST_KEY_UISupportedInterfaceOrientations_iPad = "UIInterfaceOrientationPortrait UIInterfaceOrientationPortraitUpsideDown UIInterfaceOrientationLandscapeLeft UIInterfaceOrientationLandscapeRight";
				INFOPLIST_KEY_UISupportedInterfaceOrientations_iPhone = "UIInterfaceOrientationPortrait UIInterfaceOrientationLandscapeLeft UIInterfaceOrientationLandscapeRight";
				LD_RUNPATH_SEARCH_PATHS = (
					"$(inherited)",
					"@executable_path/Frameworks",
				);
				MARKETING_VERSION = 1.0;
				PRODUCT_BUNDLE_IDENTIFIER = edu.monash.FinalProject;
				PRODUCT_NAME = "$(TARGET_NAME)";
				SWIFT_EMIT_LOC_STRINGS = YES;
				SWIFT_VERSION = 5.0;
				TARGETED_DEVICE_FAMILY = "1,2";
			};
			name = Debug;
		};
		75213BC4281F9073004C455E /* Release */ = {
			isa = XCBuildConfiguration;
			buildSettings = {
				ASSETCATALOG_COMPILER_APPICON_NAME = AppIcon;
				ASSETCATALOG_COMPILER_GLOBAL_ACCENT_COLOR_NAME = AccentColor;
				CODE_SIGN_STYLE = Automatic;
				CURRENT_PROJECT_VERSION = 1;
				GENERATE_INFOPLIST_FILE = YES;
				INFOPLIST_FILE = FinalProject/Info.plist;
				INFOPLIST_KEY_CFBundleDisplayName = WePick;
				INFOPLIST_KEY_NSLocationAlwaysAndWhenInUseUsageDescription = "This application uses this information to display locations on map";
				INFOPLIST_KEY_NSLocationWhenInUseUsageDescription = "This application uses this information to display locations on map";
				INFOPLIST_KEY_UIApplicationSupportsIndirectInputEvents = YES;
				INFOPLIST_KEY_UILaunchStoryboardName = LaunchScreen;
				INFOPLIST_KEY_UIMainStoryboardFile = Main;
				INFOPLIST_KEY_UISupportedInterfaceOrientations_iPad = "UIInterfaceOrientationPortrait UIInterfaceOrientationPortraitUpsideDown UIInterfaceOrientationLandscapeLeft UIInterfaceOrientationLandscapeRight";
				INFOPLIST_KEY_UISupportedInterfaceOrientations_iPhone = "UIInterfaceOrientationPortrait UIInterfaceOrientationLandscapeLeft UIInterfaceOrientationLandscapeRight";
				LD_RUNPATH_SEARCH_PATHS = (
					"$(inherited)",
					"@executable_path/Frameworks",
				);
				MARKETING_VERSION = 1.0;
				PRODUCT_BUNDLE_IDENTIFIER = edu.monash.FinalProject;
				PRODUCT_NAME = "$(TARGET_NAME)";
				SWIFT_EMIT_LOC_STRINGS = YES;
				SWIFT_VERSION = 5.0;
				TARGETED_DEVICE_FAMILY = "1,2";
			};
			name = Release;
		};
/* End XCBuildConfiguration section */

/* Begin XCConfigurationList section */
		75213BA9281F9073004C455E /* Build configuration list for PBXProject "FinalProject" */ = {
			isa = XCConfigurationList;
			buildConfigurations = (
				75213BC0281F9073004C455E /* Debug */,
				75213BC1281F9073004C455E /* Release */,
			);
			defaultConfigurationIsVisible = 0;
			defaultConfigurationName = Release;
		};
		75213BC2281F9073004C455E /* Build configuration list for PBXNativeTarget "FinalProject" */ = {
			isa = XCConfigurationList;
			buildConfigurations = (
				75213BC3281F9073004C455E /* Debug */,
				75213BC4281F9073004C455E /* Release */,
			);
			defaultConfigurationIsVisible = 0;
			defaultConfigurationName = Release;
		};
/* End XCConfigurationList section */

/* Begin XCRemoteSwiftPackageReference section */
		75C243E6283DF82800A8914A /* XCRemoteSwiftPackageReference "firebase-ios-sdk" */ = {
			isa = XCRemoteSwiftPackageReference;
			repositoryURL = "https://github.com/firebase/firebase-ios-sdk.git";
			requirement = {
				kind = upToNextMajorVersion;
				minimumVersion = 8.15.0;
			};
		};
/* End XCRemoteSwiftPackageReference section */

/* Begin XCSwiftPackageProductDependency section */
		75C243E7283DF82800A8914A /* FirebaseAuth */ = {
			isa = XCSwiftPackageProductDependency;
			package = 75C243E6283DF82800A8914A /* XCRemoteSwiftPackageReference "firebase-ios-sdk" */;
			productName = FirebaseAuth;
		};
		75C243E9283DF82800A8914A /* FirebaseFirestore */ = {
			isa = XCSwiftPackageProductDependency;
			package = 75C243E6283DF82800A8914A /* XCRemoteSwiftPackageReference "firebase-ios-sdk" */;
			productName = FirebaseFirestore;
		};
		75C243EB283DF82800A8914A /* FirebaseFirestoreSwift-Beta */ = {
			isa = XCSwiftPackageProductDependency;
			package = 75C243E6283DF82800A8914A /* XCRemoteSwiftPackageReference "firebase-ios-sdk" */;
			productName = "FirebaseFirestoreSwift-Beta";
		};
/* End XCSwiftPackageProductDependency section */
	};
	rootObject = 75213BA6281F9073004C455E /* Project object */;
}
